// !$*UTF8*$!
{
	archiveVersion = 1;
	classes = {
	};
	objectVersion = 50;
	objects = {

/* Begin PBXBuildFile section */
		2B39166D230151EC001A9A31 /* FavoritePodcastsRepository.swift in Sources */ = {isa = PBXBuildFile; fileRef = 2B39166C230151EC001A9A31 /* FavoritePodcastsRepository.swift */; };
		2B39166F230157E3001A9A31 /* DownloadController.swift in Sources */ = {isa = PBXBuildFile; fileRef = 2B39166E230157E3001A9A31 /* DownloadController.swift */; };
		2B3916A1230291E5001A9A31 /* LocalFavoritePodcastsRepository.swift in Sources */ = {isa = PBXBuildFile; fileRef = 2B3916A0230291E5001A9A31 /* LocalFavoritePodcastsRepository.swift */; };
		2B3916A72302A125001A9A31 /* FeedEpisode.swift in Sources */ = {isa = PBXBuildFile; fileRef = 2B3916A62302A125001A9A31 /* FeedEpisode.swift */; };
		2B3916AE2302A4F4001A9A31 /* DownloadEpisodesRepository.swift in Sources */ = {isa = PBXBuildFile; fileRef = 2B3916AD2302A4F4001A9A31 /* DownloadEpisodesRepository.swift */; };
		2B3916B02302A5B3001A9A31 /* LocalDownloadEpisodesRepository.swift in Sources */ = {isa = PBXBuildFile; fileRef = 2B3916AF2302A5B3001A9A31 /* LocalDownloadEpisodesRepository.swift */; };
		2B3916B22302AA4F001A9A31 /* DownloadEpisodes.swift in Sources */ = {isa = PBXBuildFile; fileRef = 2B3916B12302AA4F001A9A31 /* DownloadEpisodes.swift */; };
		2B3916B42302AF4D001A9A31 /* RepositoryFeatchChangeContentResultType.swift in Sources */ = {isa = PBXBuildFile; fileRef = 2B3916B32302AF4D001A9A31 /* RepositoryFeatchChangeContentResultType.swift */; };
		2B6735D722F610650014ABC5 /* FavoritesController.swift in Sources */ = {isa = PBXBuildFile; fileRef = 2B6735D622F610650014ABC5 /* FavoritesController.swift */; };
		2B6735D922F611CE0014ABC5 /* UIControllerFactory.swift in Sources */ = {isa = PBXBuildFile; fileRef = 2B6735D822F611CE0014ABC5 /* UIControllerFactory.swift */; };
		2B6735DB22F624AF0014ABC5 /* UIView.swift in Sources */ = {isa = PBXBuildFile; fileRef = 2B6735DA22F624AF0014ABC5 /* UIView.swift */; };
		2B6735E022F65C5C0014ABC5 /* FavoriteCell.swift in Sources */ = {isa = PBXBuildFile; fileRef = 2B6735DF22F65C5C0014ABC5 /* FavoriteCell.swift */; };
		2B7EA5DE2300D4BC0073DAF0 /* DataController.swift in Sources */ = {isa = PBXBuildFile; fileRef = 2B7EA5DD2300D4BC0073DAF0 /* DataController.swift */; };
		2B7EA5E12300D5120073DAF0 /* PodcastModel.xcdatamodeld in Sources */ = {isa = PBXBuildFile; fileRef = 2B7EA5DF2300D5120073DAF0 /* PodcastModel.xcdatamodeld */; };
		2B7EA5E32300D8DC0073DAF0 /* PodcastDataManager.swift in Sources */ = {isa = PBXBuildFile; fileRef = 2B7EA5E22300D8DC0073DAF0 /* PodcastDataManager.swift */; };
		2B7EA5E72300DEF30073DAF0 /* FavoritePodcasts.swift in Sources */ = {isa = PBXBuildFile; fileRef = 2B7EA5E62300DEF30073DAF0 /* FavoritePodcasts.swift */; };
		2BC3ED1623091C1400A5D133 /* EpisodeDownload.swift in Sources */ = {isa = PBXBuildFile; fileRef = 2BC3ED1523091C1400A5D133 /* EpisodeDownload.swift */; };
		2BC3ED1F23092A1D00A5D133 /* URLSessionHTTPDownloadClient.swift in Sources */ = {isa = PBXBuildFile; fileRef = 2BC3ED1E23092A1D00A5D133 /* URLSessionHTTPDownloadClient.swift */; };
		2BC3ED2123092A8400A5D133 /* HTTPDownloadClient.swift in Sources */ = {isa = PBXBuildFile; fileRef = 2BC3ED2023092A8300A5D133 /* HTTPDownloadClient.swift */; };
		2BC3ED232309401500A5D133 /* EpisodeDownloadManager.swift in Sources */ = {isa = PBXBuildFile; fileRef = 2BC3ED222309401500A5D133 /* EpisodeDownloadManager.swift */; };
		2BC3ED27230A86C900A5D133 /* LocalFileRepository.swift in Sources */ = {isa = PBXBuildFile; fileRef = 2BC3ED26230A86C900A5D133 /* LocalFileRepository.swift */; };
		2BC3ED29230A880F00A5D133 /* FileRepository.swift in Sources */ = {isa = PBXBuildFile; fileRef = 2BC3ED28230A880F00A5D133 /* FileRepository.swift */; };
		2BC3ED2B230A94D400A5D133 /* Notification.swift in Sources */ = {isa = PBXBuildFile; fileRef = 2BC3ED2A230A94D400A5D133 /* Notification.swift */; };
		2BC3ED2D230BB15700A5D133 /* DateFormatter.swift in Sources */ = {isa = PBXBuildFile; fileRef = 2BC3ED2C230BB15700A5D133 /* DateFormatter.swift */; };
		2BC3ED2F230BB24500A5D133 /* Date.swift in Sources */ = {isa = PBXBuildFile; fileRef = 2BC3ED2E230BB24500A5D133 /* Date.swift */; };
		2BC3ED31230BCC6E00A5D133 /* UIViewController.swift in Sources */ = {isa = PBXBuildFile; fileRef = 2BC3ED30230BCC6E00A5D133 /* UIViewController.swift */; };
		2BD835DF2310E58500E777C9 /* URLCache.swift in Sources */ = {isa = PBXBuildFile; fileRef = 2BD835DE2310E58500E777C9 /* URLCache.swift */; };
		2BD835E12310E64500E777C9 /* Apperance.swift in Sources */ = {isa = PBXBuildFile; fileRef = 2BD835E02310E64500E777C9 /* Apperance.swift */; };
		2BD835E32310E8B100E777C9 /* Localizable.strings in Resources */ = {isa = PBXBuildFile; fileRef = 2BD835E22310E8B100E777C9 /* Localizable.strings */; };
		DB16A63922D8652B00F1B04F /* UINavigationBar.swift in Sources */ = {isa = PBXBuildFile; fileRef = DB16A63822D8652B00F1B04F /* UINavigationBar.swift */; };
		DB4518F122DAFF4E0022BD1F /* ItunesSearchResults.swift in Sources */ = {isa = PBXBuildFile; fileRef = DB4518F022DAFF4E0022BD1F /* ItunesSearchResults.swift */; };
		DB4518F522DB01770022BD1F /* URLSessionHTTPClient.swift in Sources */ = {isa = PBXBuildFile; fileRef = DB4518F322DB01770022BD1F /* URLSessionHTTPClient.swift */; };
		DB4518F622DB01770022BD1F /* HTTPClient.swift in Sources */ = {isa = PBXBuildFile; fileRef = DB4518F422DB01770022BD1F /* HTTPClient.swift */; };
		DB4518F822DB09760022BD1F /* ItunesMedia.swift in Sources */ = {isa = PBXBuildFile; fileRef = DB4518F722DB09760022BD1F /* ItunesMedia.swift */; };
		DB4518FA22DC47200022BD1F /* ItunesApiService.swift in Sources */ = {isa = PBXBuildFile; fileRef = DB4518F922DC47200022BD1F /* ItunesApiService.swift */; };
		DB4518FC22DC47B40022BD1F /* ApiMediaLoader.swift in Sources */ = {isa = PBXBuildFile; fileRef = DB4518FB22DC47B40022BD1F /* ApiMediaLoader.swift */; };
		DB4518FF22DC4F2A0022BD1F /* ApiService.swift in Sources */ = {isa = PBXBuildFile; fileRef = DB4518FE22DC4F2A0022BD1F /* ApiService.swift */; };
		DB45190222DCCD1A0022BD1F /* PodcastTableViewCell.xib in Resources */ = {isa = PBXBuildFile; fileRef = DB45190122DCCD1A0022BD1F /* PodcastTableViewCell.xib */; };
		DB45190422DCCF6A0022BD1F /* PodcastTableViewCell.swift in Sources */ = {isa = PBXBuildFile; fileRef = DB45190322DCCF6A0022BD1F /* PodcastTableViewCell.swift */; };
		DB45190922DCE8C40022BD1F /* MediaSearchingView.xib in Resources */ = {isa = PBXBuildFile; fileRef = DB45190822DCE8C40022BD1F /* MediaSearchingView.xib */; };
		DB6523B122DFA88900F52EA7 /* UIImageView.swift in Sources */ = {isa = PBXBuildFile; fileRef = DB6523B022DFA88900F52EA7 /* UIImageView.swift */; };
		DB6886E722F2E83300EEAEAB /* UIApplication.swift in Sources */ = {isa = PBXBuildFile; fileRef = DB6886E622F2E83300EEAEAB /* UIApplication.swift */; };
		DB8FEE2922DEE56B0041A777 /* EpisodeCell.swift in Sources */ = {isa = PBXBuildFile; fileRef = DB8FEE2722DEE56B0041A777 /* EpisodeCell.swift */; };
		DB8FEE2A22DEE56B0041A777 /* EpisodeCell.xib in Resources */ = {isa = PBXBuildFile; fileRef = DB8FEE2822DEE56B0041A777 /* EpisodeCell.xib */; };
		DB8FEE2D22DEE8490041A777 /* UIURLImageView.swift in Sources */ = {isa = PBXBuildFile; fileRef = DB8FEE2C22DEE8490041A777 /* UIURLImageView.swift */; };
		DB8FEE2F22DEF9EC0041A777 /* String.swift in Sources */ = {isa = PBXBuildFile; fileRef = DB8FEE2E22DEF9EC0041A777 /* String.swift */; };
		DB8FEE3122DF03DE0041A777 /* PlayerView.xib in Resources */ = {isa = PBXBuildFile; fileRef = DB8FEE3022DF03DE0041A777 /* PlayerView.xib */; };
		DB91B49D22DD6245005E70A9 /* ImageCacheService.swift in Sources */ = {isa = PBXBuildFile; fileRef = DB91B49C22DD6245005E70A9 /* ImageCacheService.swift */; };
		DB91B49F22DDA4F6005E70A9 /* FeedEpisodesXmlParser.swift in Sources */ = {isa = PBXBuildFile; fileRef = DB91B49E22DDA4F6005E70A9 /* FeedEpisodesXmlParser.swift */; };
		DB91B4A122DE3CE3005E70A9 /* EpisodesController.swift in Sources */ = {isa = PBXBuildFile; fileRef = DB91B4A022DE3CE3005E70A9 /* EpisodesController.swift */; };
		DB91B4A322DE70F6005E70A9 /* Episode.swift in Sources */ = {isa = PBXBuildFile; fileRef = DB91B4A222DE70F6005E70A9 /* Episode.swift */; };
		DBB50B5922D7FD710029B74B /* UImage.swift in Sources */ = {isa = PBXBuildFile; fileRef = DBB50B5822D7FD710029B74B /* UImage.swift */; };
		DBB50B5C22D84B900029B74B /* PodcastsSearchController.swift in Sources */ = {isa = PBXBuildFile; fileRef = DBB50B5B22D84B900029B74B /* PodcastsSearchController.swift */; };
		DBB50B5F22D84C0A0029B74B /* Podcast.swift in Sources */ = {isa = PBXBuildFile; fileRef = DBB50B5E22D84C0A0029B74B /* Podcast.swift */; };
		DBD9CF8B22E01360005EC448 /* PlayerView.swift in Sources */ = {isa = PBXBuildFile; fileRef = DBD9CF8A22E01360005EC448 /* PlayerView.swift */; };
		DBD9CF8E22E0AD08005EC448 /* CMTime.swift in Sources */ = {isa = PBXBuildFile; fileRef = DBD9CF8D22E0AD08005EC448 /* CMTime.swift */; };
		DBDE162622D78D7700BD646F /* AppDelegate.swift in Sources */ = {isa = PBXBuildFile; fileRef = DBDE162522D78D7700BD646F /* AppDelegate.swift */; };
		DBDE163022D78D7700BD646F /* Assets.xcassets in Resources */ = {isa = PBXBuildFile; fileRef = DBDE162F22D78D7700BD646F /* Assets.xcassets */; };
		DBDE163322D78D7700BD646F /* LaunchScreen.storyboard in Resources */ = {isa = PBXBuildFile; fileRef = DBDE163122D78D7700BD646F /* LaunchScreen.storyboard */; };
		DBDE163B22D790A500BD646F /* MainTabController.swift in Sources */ = {isa = PBXBuildFile; fileRef = DBDE163A22D790A500BD646F /* MainTabController.swift */; };
/* End PBXBuildFile section */

/* Begin PBXFileReference section */
		2B39166C230151EC001A9A31 /* FavoritePodcastsRepository.swift */ = {isa = PBXFileReference; lastKnownFileType = sourcecode.swift; path = FavoritePodcastsRepository.swift; sourceTree = "<group>"; };
		2B39166E230157E3001A9A31 /* DownloadController.swift */ = {isa = PBXFileReference; lastKnownFileType = sourcecode.swift; path = DownloadController.swift; sourceTree = "<group>"; };
		2B3916A0230291E5001A9A31 /* LocalFavoritePodcastsRepository.swift */ = {isa = PBXFileReference; fileEncoding = 4; lastKnownFileType = sourcecode.swift; path = LocalFavoritePodcastsRepository.swift; sourceTree = "<group>"; };
		2B3916A62302A125001A9A31 /* FeedEpisode.swift */ = {isa = PBXFileReference; fileEncoding = 4; lastKnownFileType = sourcecode.swift; path = FeedEpisode.swift; sourceTree = "<group>"; };
		2B3916AD2302A4F4001A9A31 /* DownloadEpisodesRepository.swift */ = {isa = PBXFileReference; lastKnownFileType = sourcecode.swift; path = DownloadEpisodesRepository.swift; sourceTree = "<group>"; };
		2B3916AF2302A5B3001A9A31 /* LocalDownloadEpisodesRepository.swift */ = {isa = PBXFileReference; lastKnownFileType = sourcecode.swift; path = LocalDownloadEpisodesRepository.swift; sourceTree = "<group>"; };
		2B3916B12302AA4F001A9A31 /* DownloadEpisodes.swift */ = {isa = PBXFileReference; lastKnownFileType = sourcecode.swift; path = DownloadEpisodes.swift; sourceTree = "<group>"; };
		2B3916B32302AF4D001A9A31 /* RepositoryFeatchChangeContentResultType.swift */ = {isa = PBXFileReference; lastKnownFileType = sourcecode.swift; path = RepositoryFeatchChangeContentResultType.swift; sourceTree = "<group>"; };
		2B6735D622F610650014ABC5 /* FavoritesController.swift */ = {isa = PBXFileReference; lastKnownFileType = sourcecode.swift; path = FavoritesController.swift; sourceTree = "<group>"; };
		2B6735D822F611CE0014ABC5 /* UIControllerFactory.swift */ = {isa = PBXFileReference; lastKnownFileType = sourcecode.swift; path = UIControllerFactory.swift; sourceTree = "<group>"; };
		2B6735DA22F624AF0014ABC5 /* UIView.swift */ = {isa = PBXFileReference; lastKnownFileType = sourcecode.swift; path = UIView.swift; sourceTree = "<group>"; };
		2B6735DF22F65C5C0014ABC5 /* FavoriteCell.swift */ = {isa = PBXFileReference; lastKnownFileType = sourcecode.swift; path = FavoriteCell.swift; sourceTree = "<group>"; };
		2B7EA5DD2300D4BC0073DAF0 /* DataController.swift */ = {isa = PBXFileReference; lastKnownFileType = sourcecode.swift; path = DataController.swift; sourceTree = "<group>"; };
		2B7EA5E02300D5120073DAF0 /* PodcastModel.xcdatamodel */ = {isa = PBXFileReference; lastKnownFileType = wrapper.xcdatamodel; path = PodcastModel.xcdatamodel; sourceTree = "<group>"; };
		2B7EA5E22300D8DC0073DAF0 /* PodcastDataManager.swift */ = {isa = PBXFileReference; lastKnownFileType = sourcecode.swift; path = PodcastDataManager.swift; sourceTree = "<group>"; };
		2B7EA5E62300DEF30073DAF0 /* FavoritePodcasts.swift */ = {isa = PBXFileReference; lastKnownFileType = sourcecode.swift; path = FavoritePodcasts.swift; sourceTree = "<group>"; };
		2BC3ED1523091C1400A5D133 /* EpisodeDownload.swift */ = {isa = PBXFileReference; lastKnownFileType = sourcecode.swift; path = EpisodeDownload.swift; sourceTree = "<group>"; };
		2BC3ED1E23092A1D00A5D133 /* URLSessionHTTPDownloadClient.swift */ = {isa = PBXFileReference; lastKnownFileType = sourcecode.swift; path = URLSessionHTTPDownloadClient.swift; sourceTree = "<group>"; };
		2BC3ED2023092A8300A5D133 /* HTTPDownloadClient.swift */ = {isa = PBXFileReference; fileEncoding = 4; lastKnownFileType = sourcecode.swift; path = HTTPDownloadClient.swift; sourceTree = "<group>"; };
		2BC3ED222309401500A5D133 /* EpisodeDownloadManager.swift */ = {isa = PBXFileReference; lastKnownFileType = sourcecode.swift; path = EpisodeDownloadManager.swift; sourceTree = "<group>"; };
		2BC3ED26230A86C900A5D133 /* LocalFileRepository.swift */ = {isa = PBXFileReference; lastKnownFileType = sourcecode.swift; path = LocalFileRepository.swift; sourceTree = "<group>"; };
		2BC3ED28230A880F00A5D133 /* FileRepository.swift */ = {isa = PBXFileReference; lastKnownFileType = sourcecode.swift; path = FileRepository.swift; sourceTree = "<group>"; };
		2BC3ED2A230A94D400A5D133 /* Notification.swift */ = {isa = PBXFileReference; lastKnownFileType = sourcecode.swift; path = Notification.swift; sourceTree = "<group>"; };
		2BC3ED2C230BB15700A5D133 /* DateFormatter.swift */ = {isa = PBXFileReference; lastKnownFileType = sourcecode.swift; path = DateFormatter.swift; sourceTree = "<group>"; };
		2BC3ED2E230BB24500A5D133 /* Date.swift */ = {isa = PBXFileReference; lastKnownFileType = sourcecode.swift; path = Date.swift; sourceTree = "<group>"; };
		2BC3ED30230BCC6E00A5D133 /* UIViewController.swift */ = {isa = PBXFileReference; lastKnownFileType = sourcecode.swift; path = UIViewController.swift; sourceTree = "<group>"; };
		2BD835DE2310E58500E777C9 /* URLCache.swift */ = {isa = PBXFileReference; lastKnownFileType = sourcecode.swift; path = URLCache.swift; sourceTree = "<group>"; };
		2BD835E02310E64500E777C9 /* Apperance.swift */ = {isa = PBXFileReference; lastKnownFileType = sourcecode.swift; path = Apperance.swift; sourceTree = "<group>"; };
		2BD835E22310E8B100E777C9 /* Localizable.strings */ = {isa = PBXFileReference; lastKnownFileType = text.plist.strings; path = Localizable.strings; sourceTree = "<group>"; };
		DB16A63822D8652B00F1B04F /* UINavigationBar.swift */ = {isa = PBXFileReference; lastKnownFileType = sourcecode.swift; path = UINavigationBar.swift; sourceTree = "<group>"; };
		DB4518F022DAFF4E0022BD1F /* ItunesSearchResults.swift */ = {isa = PBXFileReference; lastKnownFileType = sourcecode.swift; path = ItunesSearchResults.swift; sourceTree = "<group>"; };
		DB4518F322DB01770022BD1F /* URLSessionHTTPClient.swift */ = {isa = PBXFileReference; fileEncoding = 4; lastKnownFileType = sourcecode.swift; path = URLSessionHTTPClient.swift; sourceTree = "<group>"; };
		DB4518F422DB01770022BD1F /* HTTPClient.swift */ = {isa = PBXFileReference; fileEncoding = 4; lastKnownFileType = sourcecode.swift; path = HTTPClient.swift; sourceTree = "<group>"; };
		DB4518F722DB09760022BD1F /* ItunesMedia.swift */ = {isa = PBXFileReference; lastKnownFileType = sourcecode.swift; path = ItunesMedia.swift; sourceTree = "<group>"; };
		DB4518F922DC47200022BD1F /* ItunesApiService.swift */ = {isa = PBXFileReference; lastKnownFileType = sourcecode.swift; path = ItunesApiService.swift; sourceTree = "<group>"; };
		DB4518FB22DC47B40022BD1F /* ApiMediaLoader.swift */ = {isa = PBXFileReference; lastKnownFileType = sourcecode.swift; path = ApiMediaLoader.swift; sourceTree = "<group>"; };
		DB4518FE22DC4F2A0022BD1F /* ApiService.swift */ = {isa = PBXFileReference; lastKnownFileType = sourcecode.swift; path = ApiService.swift; sourceTree = "<group>"; };
		DB45190122DCCD1A0022BD1F /* PodcastTableViewCell.xib */ = {isa = PBXFileReference; lastKnownFileType = file.xib; path = PodcastTableViewCell.xib; sourceTree = "<group>"; };
		DB45190322DCCF6A0022BD1F /* PodcastTableViewCell.swift */ = {isa = PBXFileReference; lastKnownFileType = sourcecode.swift; path = PodcastTableViewCell.swift; sourceTree = "<group>"; };
		DB45190822DCE8C40022BD1F /* MediaSearchingView.xib */ = {isa = PBXFileReference; lastKnownFileType = file.xib; path = MediaSearchingView.xib; sourceTree = "<group>"; };
		DB6523B022DFA88900F52EA7 /* UIImageView.swift */ = {isa = PBXFileReference; lastKnownFileType = sourcecode.swift; path = UIImageView.swift; sourceTree = "<group>"; };
		DB6886E622F2E83300EEAEAB /* UIApplication.swift */ = {isa = PBXFileReference; lastKnownFileType = sourcecode.swift; path = UIApplication.swift; sourceTree = "<group>"; };
		DB8FEE2722DEE56B0041A777 /* EpisodeCell.swift */ = {isa = PBXFileReference; lastKnownFileType = sourcecode.swift; path = EpisodeCell.swift; sourceTree = "<group>"; };
		DB8FEE2822DEE56B0041A777 /* EpisodeCell.xib */ = {isa = PBXFileReference; lastKnownFileType = file.xib; path = EpisodeCell.xib; sourceTree = "<group>"; };
		DB8FEE2C22DEE8490041A777 /* UIURLImageView.swift */ = {isa = PBXFileReference; lastKnownFileType = sourcecode.swift; path = UIURLImageView.swift; sourceTree = "<group>"; };
		DB8FEE2E22DEF9EC0041A777 /* String.swift */ = {isa = PBXFileReference; lastKnownFileType = sourcecode.swift; path = String.swift; sourceTree = "<group>"; };
		DB8FEE3022DF03DE0041A777 /* PlayerView.xib */ = {isa = PBXFileReference; lastKnownFileType = file.xib; path = PlayerView.xib; sourceTree = "<group>"; };
		DB91B49C22DD6245005E70A9 /* ImageCacheService.swift */ = {isa = PBXFileReference; lastKnownFileType = sourcecode.swift; path = ImageCacheService.swift; sourceTree = "<group>"; };
		DB91B49E22DDA4F6005E70A9 /* FeedEpisodesXmlParser.swift */ = {isa = PBXFileReference; lastKnownFileType = sourcecode.swift; path = FeedEpisodesXmlParser.swift; sourceTree = "<group>"; };
		DB91B4A022DE3CE3005E70A9 /* EpisodesController.swift */ = {isa = PBXFileReference; lastKnownFileType = sourcecode.swift; path = EpisodesController.swift; sourceTree = "<group>"; };
		DB91B4A222DE70F6005E70A9 /* Episode.swift */ = {isa = PBXFileReference; lastKnownFileType = sourcecode.swift; path = Episode.swift; sourceTree = "<group>"; };
		DBB50B5822D7FD710029B74B /* UImage.swift */ = {isa = PBXFileReference; lastKnownFileType = sourcecode.swift; path = UImage.swift; sourceTree = "<group>"; };
		DBB50B5B22D84B900029B74B /* PodcastsSearchController.swift */ = {isa = PBXFileReference; lastKnownFileType = sourcecode.swift; path = PodcastsSearchController.swift; sourceTree = "<group>"; };
		DBB50B5E22D84C0A0029B74B /* Podcast.swift */ = {isa = PBXFileReference; lastKnownFileType = sourcecode.swift; path = Podcast.swift; sourceTree = "<group>"; };
		DBD9CF8A22E01360005EC448 /* PlayerView.swift */ = {isa = PBXFileReference; lastKnownFileType = sourcecode.swift; path = PlayerView.swift; sourceTree = "<group>"; };
		DBD9CF8D22E0AD08005EC448 /* CMTime.swift */ = {isa = PBXFileReference; lastKnownFileType = sourcecode.swift; path = CMTime.swift; sourceTree = "<group>"; };
		DBDE162222D78D7700BD646F /* Podcast.app */ = {isa = PBXFileReference; explicitFileType = wrapper.application; includeInIndex = 0; path = Podcast.app; sourceTree = BUILT_PRODUCTS_DIR; };
		DBDE162522D78D7700BD646F /* AppDelegate.swift */ = {isa = PBXFileReference; lastKnownFileType = sourcecode.swift; path = AppDelegate.swift; sourceTree = "<group>"; };
		DBDE162F22D78D7700BD646F /* Assets.xcassets */ = {isa = PBXFileReference; lastKnownFileType = folder.assetcatalog; path = Assets.xcassets; sourceTree = "<group>"; };
		DBDE163222D78D7700BD646F /* Base */ = {isa = PBXFileReference; lastKnownFileType = file.storyboard; name = Base; path = Base.lproj/LaunchScreen.storyboard; sourceTree = "<group>"; };
		DBDE163422D78D7700BD646F /* Info.plist */ = {isa = PBXFileReference; lastKnownFileType = text.plist.xml; path = Info.plist; sourceTree = "<group>"; };
		DBDE163A22D790A500BD646F /* MainTabController.swift */ = {isa = PBXFileReference; lastKnownFileType = sourcecode.swift; path = MainTabController.swift; sourceTree = "<group>"; };
/* End PBXFileReference section */

/* Begin PBXFrameworksBuildPhase section */
		DBDE161F22D78D7700BD646F /* Frameworks */ = {
			isa = PBXFrameworksBuildPhase;
			buildActionMask = 2147483647;
			files = (
			);
			runOnlyForDeploymentPostprocessing = 0;
		};
/* End PBXFrameworksBuildPhase section */

/* Begin PBXGroup section */
		2B3916AB2302A49B001A9A31 /* FavoritePodcasts */ = {
			isa = PBXGroup;
			children = (
				2B7EA5E62300DEF30073DAF0 /* FavoritePodcasts.swift */,
				2B39166C230151EC001A9A31 /* FavoritePodcastsRepository.swift */,
				2B3916A0230291E5001A9A31 /* LocalFavoritePodcastsRepository.swift */,
			);
			path = FavoritePodcasts;
			sourceTree = "<group>";
		};
		2B3916AC2302A4D7001A9A31 /* DownloadEpisodes */ = {
			isa = PBXGroup;
			children = (
				2B3916B12302AA4F001A9A31 /* DownloadEpisodes.swift */,
				2B3916AD2302A4F4001A9A31 /* DownloadEpisodesRepository.swift */,
				2B3916AF2302A5B3001A9A31 /* LocalDownloadEpisodesRepository.swift */,
			);
			path = DownloadEpisodes;
			sourceTree = "<group>";
		};
		2B7EA5DC2300D4930073DAF0 /* Repositories */ = {
			isa = PBXGroup;
			children = (
				2B3916AC2302A4D7001A9A31 /* DownloadEpisodes */,
				2B3916AB2302A49B001A9A31 /* FavoritePodcasts */,
				2B7EA5DD2300D4BC0073DAF0 /* DataController.swift */,
				2B7EA5DF2300D5120073DAF0 /* PodcastModel.xcdatamodeld */,
				2B7EA5E22300D8DC0073DAF0 /* PodcastDataManager.swift */,
				2B3916B32302AF4D001A9A31 /* RepositoryFeatchChangeContentResultType.swift */,
				2BC3ED26230A86C900A5D133 /* LocalFileRepository.swift */,
				2BC3ED28230A880F00A5D133 /* FileRepository.swift */,
			);
			path = Repositories;
			sourceTree = "<group>";
		};
		2BC3ED1423091BD900A5D133 /* EpisodeDownloads */ = {
			isa = PBXGroup;
			children = (
				2BC3ED222309401500A5D133 /* EpisodeDownloadManager.swift */,
				2BC3ED1523091C1400A5D133 /* EpisodeDownload.swift */,
			);
			path = EpisodeDownloads;
			sourceTree = "<group>";
		};
		2BC3ED172309294A00A5D133 /* HTTPDownloadCliet */ = {
			isa = PBXGroup;
			children = (
				2BC3ED2023092A8300A5D133 /* HTTPDownloadClient.swift */,
				2BC3ED1E23092A1D00A5D133 /* URLSessionHTTPDownloadClient.swift */,
			);
			path = HTTPDownloadCliet;
			sourceTree = "<group>";
		};
		DB4518EF22DAFF3B0022BD1F /* Itunes */ = {
			isa = PBXGroup;
			children = (
				DB4518F022DAFF4E0022BD1F /* ItunesSearchResults.swift */,
				DB4518F722DB09760022BD1F /* ItunesMedia.swift */,
				DB4518F922DC47200022BD1F /* ItunesApiService.swift */,
			);
			path = Itunes;
			sourceTree = "<group>";
		};
		DB4518F222DB01770022BD1F /* HTTPClient */ = {
			isa = PBXGroup;
			children = (
				DB4518F322DB01770022BD1F /* URLSessionHTTPClient.swift */,
				DB4518F422DB01770022BD1F /* HTTPClient.swift */,
			);
			path = HTTPClient;
			sourceTree = "<group>";
		};
		DB4518FD22DC4F070022BD1F /* Services */ = {
			isa = PBXGroup;
			children = (
				2BC3ED172309294A00A5D133 /* HTTPDownloadCliet */,
				DB4518F222DB01770022BD1F /* HTTPClient */,
				DB4518FB22DC47B40022BD1F /* ApiMediaLoader.swift */,
				DB4518FE22DC4F2A0022BD1F /* ApiService.swift */,
				DB91B49C22DD6245005E70A9 /* ImageCacheService.swift */,
			);
			path = Services;
			sourceTree = "<group>";
		};
		DB45190022DCCCF50022BD1F /* Views */ = {
			isa = PBXGroup;
			children = (
				DB45190122DCCD1A0022BD1F /* PodcastTableViewCell.xib */,
				DB45190322DCCF6A0022BD1F /* PodcastTableViewCell.swift */,
				DB45190822DCE8C40022BD1F /* MediaSearchingView.xib */,
				DB8FEE2722DEE56B0041A777 /* EpisodeCell.swift */,
				DB8FEE2822DEE56B0041A777 /* EpisodeCell.xib */,
				DB8FEE3022DF03DE0041A777 /* PlayerView.xib */,
				DBD9CF8A22E01360005EC448 /* PlayerView.swift */,
				2B6735DF22F65C5C0014ABC5 /* FavoriteCell.swift */,
			);
			path = Views;
			sourceTree = "<group>";
		};
		DB6523AF22DF9AC900F52EA7 /* Components */ = {
			isa = PBXGroup;
			children = (
				DB8FEE2C22DEE8490041A777 /* UIURLImageView.swift */,
			);
			path = Components;
			sourceTree = "<group>";
		};
		DB91B4A422DE75AE005E70A9 /* Feed */ = {
			isa = PBXGroup;
			children = (
				2BC3ED1423091BD900A5D133 /* EpisodeDownloads */,
				2B3916A62302A125001A9A31 /* FeedEpisode.swift */,
				DB91B49E22DDA4F6005E70A9 /* FeedEpisodesXmlParser.swift */,
			);
			path = Feed;
			sourceTree = "<group>";
		};
		DBB50B5622D7FD590029B74B /* Extensions */ = {
			isa = PBXGroup;
			children = (
				DBB50B5822D7FD710029B74B /* UImage.swift */,
				DB16A63822D8652B00F1B04F /* UINavigationBar.swift */,
				DB8FEE2E22DEF9EC0041A777 /* String.swift */,
				DB6523B022DFA88900F52EA7 /* UIImageView.swift */,
				DBD9CF8D22E0AD08005EC448 /* CMTime.swift */,
				DB6886E622F2E83300EEAEAB /* UIApplication.swift */,
				2B6735DA22F624AF0014ABC5 /* UIView.swift */,
				2BC3ED2A230A94D400A5D133 /* Notification.swift */,
				2BC3ED2C230BB15700A5D133 /* DateFormatter.swift */,
				2BC3ED2E230BB24500A5D133 /* Date.swift */,
				2BC3ED30230BCC6E00A5D133 /* UIViewController.swift */,
				2BD835DE2310E58500E777C9 /* URLCache.swift */,
			);
			path = Extensions;
			sourceTree = "<group>";
		};
		DBB50B5A22D84AB10029B74B /* Controllers */ = {
			isa = PBXGroup;
			children = (
				DBDE163A22D790A500BD646F /* MainTabController.swift */,
				DBB50B5B22D84B900029B74B /* PodcastsSearchController.swift */,
				DB91B4A022DE3CE3005E70A9 /* EpisodesController.swift */,
				2B6735D622F610650014ABC5 /* FavoritesController.swift */,
				2B6735D822F611CE0014ABC5 /* UIControllerFactory.swift */,
				2B39166E230157E3001A9A31 /* DownloadController.swift */,
			);
			path = Controllers;
			sourceTree = "<group>";
		};
		DBB50B5D22D84BED0029B74B /* Models */ = {
			isa = PBXGroup;
			children = (
				DBB50B5E22D84C0A0029B74B /* Podcast.swift */,
				DB91B4A222DE70F6005E70A9 /* Episode.swift */,
			);
			path = Models;
			sourceTree = "<group>";
		};
		DBDE161922D78D7700BD646F = {
			isa = PBXGroup;
			children = (
				DBDE162422D78D7700BD646F /* Sources */,
				DBDE162322D78D7700BD646F /* Products */,
			);
			sourceTree = "<group>";
		};
		DBDE162322D78D7700BD646F /* Products */ = {
			isa = PBXGroup;
			children = (
				DBDE162222D78D7700BD646F /* Podcast.app */,
			);
			name = Products;
			sourceTree = "<group>";
		};
		DBDE162422D78D7700BD646F /* Sources */ = {
			isa = PBXGroup;
			children = (
				DBDE162522D78D7700BD646F /* AppDelegate.swift */,
				DBDE162F22D78D7700BD646F /* Assets.xcassets */,
				DBDE163422D78D7700BD646F /* Info.plist */,
				DBDE163122D78D7700BD646F /* LaunchScreen.storyboard */,
				DB6523AF22DF9AC900F52EA7 /* Components */,
				DBB50B5A22D84AB10029B74B /* Controllers */,
				DBB50B5622D7FD590029B74B /* Extensions */,
				DB91B4A422DE75AE005E70A9 /* Feed */,
				DB4518EF22DAFF3B0022BD1F /* Itunes */,
				DBB50B5D22D84BED0029B74B /* Models */,
				2B7EA5DC2300D4930073DAF0 /* Repositories */,
				DB4518FD22DC4F070022BD1F /* Services */,
				DB45190022DCCCF50022BD1F /* Views */,
				2BD835E02310E64500E777C9 /* Apperance.swift */,
				2BD835E22310E8B100E777C9 /* Localizable.strings */,
			);
			path = Sources;
			sourceTree = "<group>";
		};
/* End PBXGroup section */

/* Begin PBXNativeTarget section */
		DBDE162122D78D7700BD646F /* Podcast */ = {
			isa = PBXNativeTarget;
			buildConfigurationList = DBDE163722D78D7700BD646F /* Build configuration list for PBXNativeTarget "Podcast" */;
			buildPhases = (
				DBDE161E22D78D7700BD646F /* Sources */,
				DBDE161F22D78D7700BD646F /* Frameworks */,
				DBDE162022D78D7700BD646F /* Resources */,
				2BB45E292311162E00932CEB /* SwiftLint */,
			);
			buildRules = (
			);
			dependencies = (
			);
			name = Podcast;
			productName = Podcast;
			productReference = DBDE162222D78D7700BD646F /* Podcast.app */;
			productType = "com.apple.product-type.application";
		};
/* End PBXNativeTarget section */

/* Begin PBXProject section */
		DBDE161A22D78D7700BD646F /* Project object */ = {
			isa = PBXProject;
			attributes = {
				LastSwiftUpdateCheck = 1020;
				LastUpgradeCheck = 1020;
				ORGANIZATIONNAME = "Meyer Systems";
				TargetAttributes = {
					DBDE162122D78D7700BD646F = {
						CreatedOnToolsVersion = 10.2.1;
						SystemCapabilities = {
							com.apple.BackgroundModes = {
								enabled = 1;
							};
						};
					};
				};
			};
			buildConfigurationList = DBDE161D22D78D7700BD646F /* Build configuration list for PBXProject "Podcast" */;
			compatibilityVersion = "Xcode 9.3";
			developmentRegion = en;
			hasScannedForEncodings = 0;
			knownRegions = (
				en,
				Base,
			);
			mainGroup = DBDE161922D78D7700BD646F;
			productRefGroup = DBDE162322D78D7700BD646F /* Products */;
			projectDirPath = "";
			projectRoot = "";
			targets = (
				DBDE162122D78D7700BD646F /* Podcast */,
			);
		};
/* End PBXProject section */

/* Begin PBXResourcesBuildPhase section */
		DBDE162022D78D7700BD646F /* Resources */ = {
			isa = PBXResourcesBuildPhase;
			buildActionMask = 2147483647;
			files = (
				DB8FEE3122DF03DE0041A777 /* PlayerView.xib in Resources */,
				DB45190922DCE8C40022BD1F /* MediaSearchingView.xib in Resources */,
				DBDE163322D78D7700BD646F /* LaunchScreen.storyboard in Resources */,
				2BD835E32310E8B100E777C9 /* Localizable.strings in Resources */,
				DBDE163022D78D7700BD646F /* Assets.xcassets in Resources */,
				DB45190222DCCD1A0022BD1F /* PodcastTableViewCell.xib in Resources */,
				DB8FEE2A22DEE56B0041A777 /* EpisodeCell.xib in Resources */,
			);
			runOnlyForDeploymentPostprocessing = 0;
		};
/* End PBXResourcesBuildPhase section */

/* Begin PBXShellScriptBuildPhase section */
		2BB45E292311162E00932CEB /* SwiftLint */ = {
			isa = PBXShellScriptBuildPhase;
			buildActionMask = 2147483647;
			files = (
			);
			inputFileListPaths = (
			);
			inputPaths = (
			);
			name = SwiftLint;
			outputFileListPaths = (
			);
			outputPaths = (
			);
			runOnlyForDeploymentPostprocessing = 0;
			shellPath = /bin/sh;
			shellScript = "# Type a script or drag a script file from your workspace to insert its path.\nif which swiftlint >/dev/null; then\nswiftlint\nelse\necho \"warning: SwiftLint not installed, download from https://github.com/realm/SwiftLint\"\nfi\n";
		};
/* End PBXShellScriptBuildPhase section */

/* Begin PBXSourcesBuildPhase section */
		DBDE161E22D78D7700BD646F /* Sources */ = {
			isa = PBXSourcesBuildPhase;
			buildActionMask = 2147483647;
			files = (
				2B3916B02302A5B3001A9A31 /* LocalDownloadEpisodesRepository.swift in Sources */,
				2B7EA5E12300D5120073DAF0 /* PodcastModel.xcdatamodeld in Sources */,
				DB6886E722F2E83300EEAEAB /* UIApplication.swift in Sources */,
				DBB50B5C22D84B900029B74B /* PodcastsSearchController.swift in Sources */,
				2BD835DF2310E58500E777C9 /* URLCache.swift in Sources */,
				DB4518F522DB01770022BD1F /* URLSessionHTTPClient.swift in Sources */,
				DB8FEE2F22DEF9EC0041A777 /* String.swift in Sources */,
				DB91B49F22DDA4F6005E70A9 /* FeedEpisodesXmlParser.swift in Sources */,
				2BC3ED232309401500A5D133 /* EpisodeDownloadManager.swift in Sources */,
				2BC3ED31230BCC6E00A5D133 /* UIViewController.swift in Sources */,
				2B6735D922F611CE0014ABC5 /* UIControllerFactory.swift in Sources */,
				DB4518F122DAFF4E0022BD1F /* ItunesSearchResults.swift in Sources */,
				2BD835E12310E64500E777C9 /* Apperance.swift in Sources */,
				DB4518FF22DC4F2A0022BD1F /* ApiService.swift in Sources */,
				2B39166F230157E3001A9A31 /* DownloadController.swift in Sources */,
				DBD9CF8E22E0AD08005EC448 /* CMTime.swift in Sources */,
				DBB50B5F22D84C0A0029B74B /* Podcast.swift in Sources */,
				2B6735DB22F624AF0014ABC5 /* UIView.swift in Sources */,
				DB8FEE2D22DEE8490041A777 /* UIURLImageView.swift in Sources */,
				DBD9CF8B22E01360005EC448 /* PlayerView.swift in Sources */,
				2B7EA5DE2300D4BC0073DAF0 /* DataController.swift in Sources */,
				2BC3ED2123092A8400A5D133 /* HTTPDownloadClient.swift in Sources */,
				2B6735D722F610650014ABC5 /* FavoritesController.swift in Sources */,
				2B6735E022F65C5C0014ABC5 /* FavoriteCell.swift in Sources */,
				2BC3ED29230A880F00A5D133 /* FileRepository.swift in Sources */,
				DB4518F822DB09760022BD1F /* ItunesMedia.swift in Sources */,
				2B7EA5E32300D8DC0073DAF0 /* PodcastDataManager.swift in Sources */,
				2BC3ED2D230BB15700A5D133 /* DateFormatter.swift in Sources */,
				2B3916A1230291E5001A9A31 /* LocalFavoritePodcastsRepository.swift in Sources */,
				DB45190422DCCF6A0022BD1F /* PodcastTableViewCell.swift in Sources */,
				2B3916B42302AF4D001A9A31 /* RepositoryFeatchChangeContentResultType.swift in Sources */,
				DBB50B5922D7FD710029B74B /* UImage.swift in Sources */,
				DB16A63922D8652B00F1B04F /* UINavigationBar.swift in Sources */,
				2BC3ED1F23092A1D00A5D133 /* URLSessionHTTPDownloadClient.swift in Sources */,
				2BC3ED2F230BB24500A5D133 /* Date.swift in Sources */,
				DB4518F622DB01770022BD1F /* HTTPClient.swift in Sources */,
				2B7EA5E72300DEF30073DAF0 /* FavoritePodcasts.swift in Sources */,
				DB8FEE2922DEE56B0041A777 /* EpisodeCell.swift in Sources */,
				DBDE162622D78D7700BD646F /* AppDelegate.swift in Sources */,
				2B3916B22302AA4F001A9A31 /* DownloadEpisodes.swift in Sources */,
				DB6523B122DFA88900F52EA7 /* UIImageView.swift in Sources */,
				DB91B4A322DE70F6005E70A9 /* Episode.swift in Sources */,
				2BC3ED1623091C1400A5D133 /* EpisodeDownload.swift in Sources */,
				DB4518FA22DC47200022BD1F /* ItunesApiService.swift in Sources */,
				2B39166D230151EC001A9A31 /* FavoritePodcastsRepository.swift in Sources */,
				2BC3ED27230A86C900A5D133 /* LocalFileRepository.swift in Sources */,
				DBDE163B22D790A500BD646F /* MainTabController.swift in Sources */,
				2B3916AE2302A4F4001A9A31 /* DownloadEpisodesRepository.swift in Sources */,
				2BC3ED2B230A94D400A5D133 /* Notification.swift in Sources */,
				DB4518FC22DC47B40022BD1F /* ApiMediaLoader.swift in Sources */,
				DB91B4A122DE3CE3005E70A9 /* EpisodesController.swift in Sources */,
				DB91B49D22DD6245005E70A9 /* ImageCacheService.swift in Sources */,
				2B3916A72302A125001A9A31 /* FeedEpisode.swift in Sources */,
			);
			runOnlyForDeploymentPostprocessing = 0;
		};
/* End PBXSourcesBuildPhase section */

/* Begin PBXVariantGroup section */
		DBDE163122D78D7700BD646F /* LaunchScreen.storyboard */ = {
			isa = PBXVariantGroup;
			children = (
				DBDE163222D78D7700BD646F /* Base */,
			);
			name = LaunchScreen.storyboard;
			sourceTree = "<group>";
		};
/* End PBXVariantGroup section */

/* Begin XCBuildConfiguration section */
		DBDE163522D78D7700BD646F /* Debug */ = {
			isa = XCBuildConfiguration;
			buildSettings = {
				ALWAYS_SEARCH_USER_PATHS = NO;
				CLANG_ANALYZER_NONNULL = YES;
				CLANG_ANALYZER_NUMBER_OBJECT_CONVERSION = YES_AGGRESSIVE;
				CLANG_CXX_LANGUAGE_STANDARD = "gnu++14";
				CLANG_CXX_LIBRARY = "libc++";
				CLANG_ENABLE_MODULES = YES;
				CLANG_ENABLE_OBJC_ARC = YES;
				CLANG_ENABLE_OBJC_WEAK = YES;
				CLANG_WARN_BLOCK_CAPTURE_AUTORELEASING = YES;
				CLANG_WARN_BOOL_CONVERSION = YES;
				CLANG_WARN_COMMA = YES;
				CLANG_WARN_CONSTANT_CONVERSION = YES;
				CLANG_WARN_DEPRECATED_OBJC_IMPLEMENTATIONS = YES;
				CLANG_WARN_DIRECT_OBJC_ISA_USAGE = YES_ERROR;
				CLANG_WARN_DOCUMENTATION_COMMENTS = YES;
				CLANG_WARN_EMPTY_BODY = YES;
				CLANG_WARN_ENUM_CONVERSION = YES;
				CLANG_WARN_INFINITE_RECURSION = YES;
				CLANG_WARN_INT_CONVERSION = YES;
				CLANG_WARN_NON_LITERAL_NULL_CONVERSION = YES;
				CLANG_WARN_OBJC_IMPLICIT_RETAIN_SELF = YES;
				CLANG_WARN_OBJC_LITERAL_CONVERSION = YES;
				CLANG_WARN_OBJC_ROOT_CLASS = YES_ERROR;
				CLANG_WARN_RANGE_LOOP_ANALYSIS = YES;
				CLANG_WARN_STRICT_PROTOTYPES = YES;
				CLANG_WARN_SUSPICIOUS_MOVE = YES;
				CLANG_WARN_UNGUARDED_AVAILABILITY = YES_AGGRESSIVE;
				CLANG_WARN_UNREACHABLE_CODE = YES;
				CLANG_WARN__DUPLICATE_METHOD_MATCH = YES;
				CODE_SIGN_IDENTITY = "iPhone Developer";
				COPY_PHASE_STRIP = NO;
				DEBUG_INFORMATION_FORMAT = dwarf;
				ENABLE_STRICT_OBJC_MSGSEND = YES;
				ENABLE_TESTABILITY = YES;
				GCC_C_LANGUAGE_STANDARD = gnu11;
				GCC_DYNAMIC_NO_PIC = NO;
				GCC_NO_COMMON_BLOCKS = YES;
				GCC_OPTIMIZATION_LEVEL = 0;
				GCC_PREPROCESSOR_DEFINITIONS = (
					"DEBUG=1",
					"$(inherited)",
				);
				GCC_WARN_64_TO_32_BIT_CONVERSION = YES;
				GCC_WARN_ABOUT_RETURN_TYPE = YES_ERROR;
				GCC_WARN_UNDECLARED_SELECTOR = YES;
				GCC_WARN_UNINITIALIZED_AUTOS = YES_AGGRESSIVE;
				GCC_WARN_UNUSED_FUNCTION = YES;
				GCC_WARN_UNUSED_VARIABLE = YES;
				IPHONEOS_DEPLOYMENT_TARGET = 12.2;
				MTL_ENABLE_DEBUG_INFO = INCLUDE_SOURCE;
				MTL_FAST_MATH = YES;
				ONLY_ACTIVE_ARCH = YES;
				SDKROOT = iphoneos;
				SWIFT_ACTIVE_COMPILATION_CONDITIONS = DEBUG;
				SWIFT_OPTIMIZATION_LEVEL = "-Onone";
				SWIFT_VERSION = 5.0;
			};
			name = Debug;
		};
		DBDE163622D78D7700BD646F /* Release */ = {
			isa = XCBuildConfiguration;
			buildSettings = {
				ALWAYS_SEARCH_USER_PATHS = NO;
				CLANG_ANALYZER_NONNULL = YES;
				CLANG_ANALYZER_NUMBER_OBJECT_CONVERSION = YES_AGGRESSIVE;
				CLANG_CXX_LANGUAGE_STANDARD = "gnu++14";
				CLANG_CXX_LIBRARY = "libc++";
				CLANG_ENABLE_MODULES = YES;
				CLANG_ENABLE_OBJC_ARC = YES;
				CLANG_ENABLE_OBJC_WEAK = YES;
				CLANG_WARN_BLOCK_CAPTURE_AUTORELEASING = YES;
				CLANG_WARN_BOOL_CONVERSION = YES;
				CLANG_WARN_COMMA = YES;
				CLANG_WARN_CONSTANT_CONVERSION = YES;
				CLANG_WARN_DEPRECATED_OBJC_IMPLEMENTATIONS = YES;
				CLANG_WARN_DIRECT_OBJC_ISA_USAGE = YES_ERROR;
				CLANG_WARN_DOCUMENTATION_COMMENTS = YES;
				CLANG_WARN_EMPTY_BODY = YES;
				CLANG_WARN_ENUM_CONVERSION = YES;
				CLANG_WARN_INFINITE_RECURSION = YES;
				CLANG_WARN_INT_CONVERSION = YES;
				CLANG_WARN_NON_LITERAL_NULL_CONVERSION = YES;
				CLANG_WARN_OBJC_IMPLICIT_RETAIN_SELF = YES;
				CLANG_WARN_OBJC_LITERAL_CONVERSION = YES;
				CLANG_WARN_OBJC_ROOT_CLASS = YES_ERROR;
				CLANG_WARN_RANGE_LOOP_ANALYSIS = YES;
				CLANG_WARN_STRICT_PROTOTYPES = YES;
				CLANG_WARN_SUSPICIOUS_MOVE = YES;
				CLANG_WARN_UNGUARDED_AVAILABILITY = YES_AGGRESSIVE;
				CLANG_WARN_UNREACHABLE_CODE = YES;
				CLANG_WARN__DUPLICATE_METHOD_MATCH = YES;
				CODE_SIGN_IDENTITY = "iPhone Developer";
				COPY_PHASE_STRIP = NO;
				DEBUG_INFORMATION_FORMAT = "dwarf-with-dsym";
				ENABLE_NS_ASSERTIONS = NO;
				ENABLE_STRICT_OBJC_MSGSEND = YES;
				GCC_C_LANGUAGE_STANDARD = gnu11;
				GCC_NO_COMMON_BLOCKS = YES;
				GCC_WARN_64_TO_32_BIT_CONVERSION = YES;
				GCC_WARN_ABOUT_RETURN_TYPE = YES_ERROR;
				GCC_WARN_UNDECLARED_SELECTOR = YES;
				GCC_WARN_UNINITIALIZED_AUTOS = YES_AGGRESSIVE;
				GCC_WARN_UNUSED_FUNCTION = YES;
				GCC_WARN_UNUSED_VARIABLE = YES;
				IPHONEOS_DEPLOYMENT_TARGET = 12.2;
				MTL_ENABLE_DEBUG_INFO = NO;
				MTL_FAST_MATH = YES;
				SDKROOT = iphoneos;
				SWIFT_COMPILATION_MODE = wholemodule;
				SWIFT_OPTIMIZATION_LEVEL = "-O";
				SWIFT_VERSION = 5.0;
				VALIDATE_PRODUCT = YES;
			};
			name = Release;
		};
		DBDE163822D78D7700BD646F /* Debug */ = {
			isa = XCBuildConfiguration;
			buildSettings = {
				ASSETCATALOG_COMPILER_APPICON_NAME = AppIcon;
				CODE_SIGN_STYLE = Automatic;
				DEVELOPMENT_TEAM = 7A9HJHC9Z8;
				INFOPLIST_FILE = Sources/Info.plist;
				IPHONEOS_DEPLOYMENT_TARGET = 11.0;
				LD_RUNPATH_SEARCH_PATHS = (
					"$(inherited)",
					"@executable_path/Frameworks",
				);
				PRODUCT_BUNDLE_IDENTIFIER = com.meyer.ios.Podcast;
				PRODUCT_NAME = "$(TARGET_NAME)";
				SWIFT_VERSION = 4.2;
				TARGETED_DEVICE_FAMILY = 1;
			};
			name = Debug;
		};
		DBDE163922D78D7700BD646F /* Release */ = {
			isa = XCBuildConfiguration;
			buildSettings = {
				ASSETCATALOG_COMPILER_APPICON_NAME = AppIcon;
				CODE_SIGN_STYLE = Automatic;
				DEVELOPMENT_TEAM = 7A9HJHC9Z8;
				INFOPLIST_FILE = Sources/Info.plist;
				IPHONEOS_DEPLOYMENT_TARGET = 11.0;
				LD_RUNPATH_SEARCH_PATHS = (
					"$(inherited)",
					"@executable_path/Frameworks",
				);
				PRODUCT_BUNDLE_IDENTIFIER = com.meyer.ios.Podcast;
				PRODUCT_NAME = "$(TARGET_NAME)";
				SWIFT_VERSION = 4.2;
				TARGETED_DEVICE_FAMILY = 1;
			};
			name = Release;
		};
/* End XCBuildConfiguration section */

/* Begin XCConfigurationList section */
		DBDE161D22D78D7700BD646F /* Build configuration list for PBXProject "Podcast" */ = {
			isa = XCConfigurationList;
			buildConfigurations = (
				DBDE163522D78D7700BD646F /* Debug */,
				DBDE163622D78D7700BD646F /* Release */,
			);
			defaultConfigurationIsVisible = 0;
			defaultConfigurationName = Release;
		};
		DBDE163722D78D7700BD646F /* Build configuration list for PBXNativeTarget "Podcast" */ = {
			isa = XCConfigurationList;
			buildConfigurations = (
				DBDE163822D78D7700BD646F /* Debug */,
				DBDE163922D78D7700BD646F /* Release */,
			);
			defaultConfigurationIsVisible = 0;
			defaultConfigurationName = Release;
		};
/* End XCConfigurationList section */

/* Begin XCVersionGroup section */
		2B7EA5DF2300D5120073DAF0 /* PodcastModel.xcdatamodeld */ = {
			isa = XCVersionGroup;
			children = (
				2B7EA5E02300D5120073DAF0 /* PodcastModel.xcdatamodel */,
			);
			currentVersion = 2B7EA5E02300D5120073DAF0 /* PodcastModel.xcdatamodel */;
			path = PodcastModel.xcdatamodeld;
			sourceTree = "<group>";
			versionGroupType = wrapper.xcdatamodel;
		};
/* End XCVersionGroup section */
	};
	rootObject = DBDE161A22D78D7700BD646F /* Project object */;
}
